// !$*UTF8*$!
{
	archiveVersion = 1;
	classes = {
	};
	objectVersion = 56;
	objects = {

/* Begin PBXBuildFile section */
		B1000001230001 /* ClashMiniApp.swift in Sources */ = {isa = PBXBuildFile; fileRef = B1000001230000 /* ClashMiniApp.swift */; };
		B1000001230003 /* ContentView.swift in Sources */ = {isa = PBXBuildFile; fileRef = B1000001230002 /* ContentView.swift */; };
		B1000001230005 /* Assets.xcassets in Resources */ = {isa = PBXBuildFile; fileRef = B1000001230004 /* Assets.xcassets */; };
		B1000001230007 /* Card.swift in Sources */ = {isa = PBXBuildFile; fileRef = B1000001230006 /* Card.swift */; };
		B1000001230009 /* GameModel.swift in Sources */ = {isa = PBXBuildFile; fileRef = B1000001230008 /* GameModel.swift */; };
		B100000123000B /* Unit.swift in Sources */ = {isa = PBXBuildFile; fileRef = B100000123000A /* Unit.swift */; };
		B100000123000D /* Tower.swift in Sources */ = {isa = PBXBuildFile; fileRef = B100000123000C /* Tower.swift */; };
		B100000123000F /* GameScene.swift in Sources */ = {isa = PBXBuildFile; fileRef = B100000123000E /* GameScene.swift */; };
		B1000001230011 /* MainMenuView.swift in Sources */ = {isa = PBXBuildFile; fileRef = B1000001230010 /* MainMenuView.swift */; };
		B1000001230013 /* GameView.swift in Sources */ = {isa = PBXBuildFile; fileRef = B1000001230012 /* GameView.swift */; };
		B1000001230015 /* CardView.swift in Sources */ = {isa = PBXBuildFile; fileRef = B1000001230014 /* CardView.swift */; };
		B1000001230025 /* SoundManager.swift in Sources */ = {isa = PBXBuildFile; fileRef = B1000001230024 /* SoundManager.swift */; };
		B1000001230027 /* ParticleEffects.swift in Sources */ = {isa = PBXBuildFile; fileRef = B1000001230026 /* ParticleEffects.swift */; };
		B1000001230029 /* CharacterSprites.swift in Sources */ = {isa = PBXBuildFile; fileRef = B1000001230028 /* CharacterSprites.swift */; };
		B1000001230031 /* Shop.swift in Sources */ = {isa = PBXBuildFile; fileRef = B1000001230030 /* Shop.swift */; };
		B1000001230033 /* ShopView.swift in Sources */ = {isa = PBXBuildFile; fileRef = B1000001230032 /* ShopView.swift */; };
		B1000001230035 /* StoreKitManager.swift in Sources */ = {isa = PBXBuildFile; fileRef = B1000001230034 /* StoreKitManager.swift */; };
		B1000001230037 /* Configuration.storekit in Resources */ = {isa = PBXBuildFile; fileRef = B1000001230036 /* Configuration.storekit */; };
/* End PBXBuildFile section */

/* Begin PBXFileReference section */
		B1000001229990 /* ClashMini.app */ = {isa = PBXFileReference; explicitFileType = wrapper.application; includeInIndex = 0; path = ClashMini.app; sourceTree = BUILT_PRODUCTS_DIR; };
		B1000001230000 /* ClashMiniApp.swift */ = {isa = PBXFileReference; lastKnownFileType = sourcecode.swift; path = ClashMiniApp.swift; sourceTree = "<group>"; };
		B1000001230002 /* ContentView.swift */ = {isa = PBXFileReference; lastKnownFileType = sourcecode.swift; path = ContentView.swift; sourceTree = "<group>"; };
		B1000001230004 /* Assets.xcassets */ = {isa = PBXFileReference; lastKnownFileType = folder.assetcatalog; path = Assets.xcassets; sourceTree = "<group>"; };
		B1000001230006 /* Card.swift */ = {isa = PBXFileReference; lastKnownFileType = sourcecode.swift; path = Card.swift; sourceTree = "<group>"; };
		B1000001230008 /* GameModel.swift */ = {isa = PBXFileReference; lastKnownFileType = sourcecode.swift; path = GameModel.swift; sourceTree = "<group>"; };
		B100000123000A /* Unit.swift */ = {isa = PBXFileReference; lastKnownFileType = sourcecode.swift; path = Unit.swift; sourceTree = "<group>"; };
		B100000123000C /* Tower.swift */ = {isa = PBXFileReference; lastKnownFileType = sourcecode.swift; path = Tower.swift; sourceTree = "<group>"; };
		B100000123000E /* GameScene.swift */ = {isa = PBXFileReference; lastKnownFileType = sourcecode.swift; path = GameScene.swift; sourceTree = "<group>"; };
		B1000001230010 /* MainMenuView.swift */ = {isa = PBXFileReference; lastKnownFileType = sourcecode.swift; path = MainMenuView.swift; sourceTree = "<group>"; };
		B1000001230012 /* GameView.swift */ = {isa = PBXFileReference; lastKnownFileType = sourcecode.swift; path = GameView.swift; sourceTree = "<group>"; };
		B1000001230014 /* CardView.swift */ = {isa = PBXFileReference; lastKnownFileType = sourcecode.swift; path = CardView.swift; sourceTree = "<group>"; };
		B1000001230024 /* SoundManager.swift */ = {isa = PBXFileReference; lastKnownFileType = sourcecode.swift; path = SoundManager.swift; sourceTree = "<group>"; };
		B1000001230026 /* ParticleEffects.swift */ = {isa = PBXFileReference; lastKnownFileType = sourcecode.swift; path = ParticleEffects.swift; sourceTree = "<group>"; };
		B1000001230028 /* CharacterSprites.swift */ = {isa = PBXFileReference; lastKnownFileType = sourcecode.swift; path = CharacterSprites.swift; sourceTree = "<group>"; };
		B1000001230030 /* Shop.swift */ = {isa = PBXFileReference; lastKnownFileType = sourcecode.swift; path = Shop.swift; sourceTree = "<group>"; };
		B1000001230032 /* ShopView.swift */ = {isa = PBXFileReference; lastKnownFileType = sourcecode.swift; path = ShopView.swift; sourceTree = "<group>"; };
		B1000001230034 /* StoreKitManager.swift */ = {isa = PBXFileReference; lastKnownFileType = sourcecode.swift; path = StoreKitManager.swift; sourceTree = "<group>"; };
		B1000001230036 /* Configuration.storekit */ = {isa = PBXFileReference; lastKnownFileType = text; path = Configuration.storekit; sourceTree = "<group>"; };
/* End PBXFileReference section */

/* Begin PBXFrameworksBuildPhase section */
		B1000001229987 /* Frameworks */ = {
			isa = PBXFrameworksBuildPhase;
			buildActionMask = 2147483647;
			files = (
			);
			runOnlyForDeploymentPostprocessing = 0;
		};
/* End PBXFrameworksBuildPhase section */

/* Begin PBXGroup section */
		B1000001229981 = {
			isa = PBXGroup;
			children = (
				B1000001229992 /* ClashMini */,
				B1000001229991 /* Products */,
			);
			sourceTree = "<group>";
		};
		B1000001229991 /* Products */ = {
			isa = PBXGroup;
			children = (
				B1000001229990 /* ClashMini.app */,
			);
			name = Products;
			sourceTree = "<group>";
		};
		B1000001229992 /* ClashMini */ = {
			isa = PBXGroup;
			children = (
				B1000001230000 /* ClashMiniApp.swift */,
				B1000001230020 /* Views */,
				B1000001230021 /* Models */,
				B1000001230022 /* Game */,
				B1000001230004 /* Assets.xcassets */,
				B1000001230036 /* Configuration.storekit */,
			);
			path = ClashMini;
			sourceTree = "<group>";
		};
		B1000001230020 /* Views */ = {
			isa = PBXGroup;
			children = (
				B1000001230002 /* ContentView.swift */,
				B1000001230010 /* MainMenuView.swift */,
				B1000001230012 /* GameView.swift */,
				B1000001230014 /* CardView.swift */,
				B1000001230032 /* ShopView.swift */,
			);
			path = Views;
			sourceTree = "<group>";
		};
		B1000001230021 /* Models */ = {
			isa = PBXGroup;
			children = (
				B1000001230006 /* Card.swift */,
				B1000001230008 /* GameModel.swift */,
				B100000123000A /* Unit.swift */,
				B100000123000C /* Tower.swift */,
				B1000001230030 /* Shop.swift */,
				B1000001230034 /* StoreKitManager.swift */,
			);
			path = Models;
			sourceTree = "<group>";
		};
		B1000001230022 /* Game */ = {
			isa = PBXGroup;
			children = (
				B100000123000E /* GameScene.swift */,
				B1000001230024 /* SoundManager.swift */,
				B1000001230026 /* ParticleEffects.swift */,
				B1000001230028 /* CharacterSprites.swift */,
			);
			path = Game;
			sourceTree = "<group>";
		};
/* End PBXGroup section */

/* Begin PBXNativeTarget section */
		B1000001229989 /* ClashMini */ = {
			isa = PBXNativeTarget;
			buildConfigurationList = B1000001230018 /* Build configuration list for PBXNativeTarget "ClashMini" */;
			buildPhases = (
				B1000001229986 /* Sources */,
				B1000001229987 /* Frameworks */,
				B1000001229988 /* Resources */,
			);
			buildRules = (
			);
			dependencies = (
			);
			name = ClashMini;
			productName = ClashMini;
			productReference = B1000001229990 /* ClashMini.app */;
			productType = "com.apple.product-type.application";
		};
/* End PBXNativeTarget section */

/* Begin PBXProject section */
		B1000001229982 /* Project object */ = {
			isa = PBXProject;
			attributes = {
				BuildIndependentTargetsInParallel = 1;
				LastSwiftUpdateCheck = 1500;
				LastUpgradeCheck = 2620;
				TargetAttributes = {
					B1000001229989 = {
						CreatedOnToolsVersion = 15.0;
					};
				};
			};
			buildConfigurationList = B1000001229985 /* Build configuration list for PBXProject "ClashMini" */;
			compatibilityVersion = "Xcode 14.0";
			developmentRegion = ru;
			hasScannedForEncodings = 0;
			knownRegions = (
				en,
				Base,
				ru,
			);
			mainGroup = B1000001229981;
			productRefGroup = B1000001229991 /* Products */;
			projectDirPath = "";
			projectRoot = "";
			targets = (
				B1000001229989 /* ClashMini */,
			);
		};
/* End PBXProject section */

/* Begin PBXResourcesBuildPhase section */
		B1000001229988 /* Resources */ = {
			isa = PBXResourcesBuildPhase;
			buildActionMask = 2147483647;
			files = (
				B1000001230005 /* Assets.xcassets in Resources */,
				B1000001230037 /* Configuration.storekit in Resources */,
			);
			runOnlyForDeploymentPostprocessing = 0;
		};
/* End PBXResourcesBuildPhase section */

/* Begin PBXSourcesBuildPhase section */
		B1000001229986 /* Sources */ = {
			isa = PBXSourcesBuildPhase;
			buildActionMask = 2147483647;
			files = (
				B1000001230003 /* ContentView.swift in Sources */,
				B1000001230001 /* ClashMiniApp.swift in Sources */,
				B1000001230007 /* Card.swift in Sources */,
				B1000001230009 /* GameModel.swift in Sources */,
				B100000123000B /* Unit.swift in Sources */,
				B100000123000D /* Tower.swift in Sources */,
				B100000123000F /* GameScene.swift in Sources */,
				B1000001230011 /* MainMenuView.swift in Sources */,
				B1000001230013 /* GameView.swift in Sources */,
				B1000001230015 /* CardView.swift in Sources */,
				B1000001230025 /* SoundManager.swift in Sources */,
				B1000001230027 /* ParticleEffects.swift in Sources */,
				B1000001230029 /* CharacterSprites.swift in Sources */,
				B1000001230031 /* Shop.swift in Sources */,
				B1000001230033 /* ShopView.swift in Sources */,
				B1000001230035 /* StoreKitManager.swift in Sources */,
			);
			runOnlyForDeploymentPostprocessing = 0;
		};
/* End PBXSourcesBuildPhase section */

/* Begin XCBuildConfiguration section */
		B1000001230016 /* Debug */ = {
			isa = XCBuildConfiguration;
			buildSettings = {
				ALWAYS_SEARCH_USER_PATHS = NO;
				ASSETCATALOG_COMPILER_GENERATE_SWIFT_ASSET_SYMBOL_EXTENSIONS = YES;
				CLANG_ANALYZER_LOCALIZABILITY_NONLOCALIZED = YES;
				CLANG_ANALYZER_NONNULL = YES;
				CLANG_ANALYZER_NUMBER_OBJECT_CONVERSION = YES_AGGRESSIVE;
				CLANG_CXX_LANGUAGE_STANDARD = "gnu++20";
				CLANG_ENABLE_MODULES = YES;
				CLANG_ENABLE_OBJC_ARC = YES;
				CLANG_ENABLE_OBJC_WEAK = YES;
				CLANG_WARN_BLOCK_CAPTURE_AUTORELEASING = YES;
				CLANG_WARN_BOOL_CONVERSION = YES;
				CLANG_WARN_COMMA = YES;
				CLANG_WARN_CONSTANT_CONVERSION = YES;
				CLANG_WARN_DEPRECATED_OBJC_IMPLEMENTATIONS = YES;
				CLANG_WARN_DIRECT_OBJC_ISA_USAGE = YES_ERROR;
				CLANG_WARN_DOCUMENTATION_COMMENTS = YES;
				CLANG_WARN_EMPTY_BODY = YES;
				CLANG_WARN_ENUM_CONVERSION = YES;
				CLANG_WARN_INFINITE_RECURSION = YES;
				CLANG_WARN_INT_CONVERSION = YES;
				CLANG_WARN_NON_LITERAL_NULL_CONVERSION = YES;
				CLANG_WARN_OBJC_IMPLICIT_RETAIN_SELF = YES;
				CLANG_WARN_OBJC_LITERAL_CONVERSION = YES;
				CLANG_WARN_OBJC_ROOT_CLASS = YES_ERROR;
				CLANG_WARN_QUOTED_INCLUDE_IN_FRAMEWORK_HEADER = YES;
				CLANG_WARN_RANGE_LOOP_ANALYSIS = YES;
				CLANG_WARN_STRICT_PROTOTYPES = YES;
				CLANG_WARN_SUSPICIOUS_MOVE = YES;
				CLANG_WARN_UNGUARDED_AVAILABILITY = YES_AGGRESSIVE;
				CLANG_WARN_UNREACHABLE_CODE = YES;
				CLANG_WARN__DUPLICATE_METHOD_MATCH = YES;
				COPY_PHASE_STRIP = NO;
				DEBUG_INFORMATION_FORMAT = dwarf;
				ENABLE_STRICT_OBJC_MSGSEND = YES;
				ENABLE_TESTABILITY = YES;
				ENABLE_USER_SCRIPT_SANDBOXING = YES;
				GCC_C_LANGUAGE_STANDARD = gnu17;
				GCC_DYNAMIC_NO_PIC = NO;
				GCC_NO_COMMON_BLOCKS = YES;
				GCC_OPTIMIZATION_LEVEL = 0;
				GCC_PREPROCESSOR_DEFINITIONS = (
					"DEBUG=1",
					"$(inherited)",
				);
				GCC_WARN_64_TO_32_BIT_CONVERSION = YES;
				GCC_WARN_ABOUT_RETURN_TYPE = YES_ERROR;
				GCC_WARN_UNDECLARED_SELECTOR = YES;
				GCC_WARN_UNINITIALIZED_AUTOS = YES_AGGRESSIVE;
				GCC_WARN_UNUSED_FUNCTION = YES;
				GCC_WARN_UNUSED_VARIABLE = YES;
				IPHONEOS_DEPLOYMENT_TARGET = 17.0;
				LOCALIZATION_PREFERS_STRING_CATALOGS = YES;
				MTL_ENABLE_DEBUG_INFO = INCLUDE_SOURCE;
				MTL_FAST_MATH = YES;
				ONLY_ACTIVE_ARCH = YES;
				SDKROOT = iphoneos;
				STRING_CATALOG_GENERATE_SYMBOLS = YES;
				SWIFT_ACTIVE_COMPILATION_CONDITIONS = "DEBUG $(inherited)";
				SWIFT_OPTIMIZATION_LEVEL = "-Onone";
			};
			name = Debug;
		};
		B1000001230017 /* Release */ = {
			isa = XCBuildConfiguration;
			buildSettings = {
				ALWAYS_SEARCH_USER_PATHS = NO;
				ASSETCATALOG_COMPILER_GENERATE_SWIFT_ASSET_SYMBOL_EXTENSIONS = YES;
				CLANG_ANALYZER_LOCALIZABILITY_NONLOCALIZED = YES;
				CLANG_ANALYZER_NONNULL = YES;
				CLANG_ANALYZER_NUMBER_OBJECT_CONVERSION = YES_AGGRESSIVE;
				CLANG_CXX_LANGUAGE_STANDARD = "gnu++20";
				CLANG_ENABLE_MODULES = YES;
				CLANG_ENABLE_OBJC_ARC = YES;
				CLANG_ENABLE_OBJC_WEAK = YES;
				CLANG_WARN_BLOCK_CAPTURE_AUTORELEASING = YES;
				CLANG_WARN_BOOL_CONVERSION = YES;
				CLANG_WARN_COMMA = YES;
				CLANG_WARN_CONSTANT_CONVERSION = YES;
				CLANG_WARN_DEPRECATED_OBJC_IMPLEMENTATIONS = YES;
				CLANG_WARN_DIRECT_OBJC_ISA_USAGE = YES_ERROR;
				CLANG_WARN_DOCUMENTATION_COMMENTS = YES;
				CLANG_WARN_EMPTY_BODY = YES;
				CLANG_WARN_ENUM_CONVERSION = YES;
				CLANG_WARN_INFINITE_RECURSION = YES;
				CLANG_WARN_INT_CONVERSION = YES;
				CLANG_WARN_NON_LITERAL_NULL_CONVERSION = YES;
				CLANG_WARN_OBJC_IMPLICIT_RETAIN_SELF = YES;
				CLANG_WARN_OBJC_LITERAL_CONVERSION = YES;
				CLANG_WARN_OBJC_ROOT_CLASS = YES_ERROR;
				CLANG_WARN_QUOTED_INCLUDE_IN_FRAMEWORK_HEADER = YES;
				CLANG_WARN_RANGE_LOOP_ANALYSIS = YES;
				CLANG_WARN_STRICT_PROTOTYPES = YES;
				CLANG_WARN_SUSPICIOUS_MOVE = YES;
				CLANG_WARN_UNGUARDED_AVAILABILITY = YES_AGGRESSIVE;
				CLANG_WARN_UNREACHABLE_CODE = YES;
				CLANG_WARN__DUPLICATE_METHOD_MATCH = YES;
				COPY_PHASE_STRIP = NO;
				DEBUG_INFORMATION_FORMAT = "dwarf-with-dsym";
				ENABLE_NS_ASSERTIONS = NO;
				ENABLE_STRICT_OBJC_MSGSEND = YES;
				ENABLE_USER_SCRIPT_SANDBOXING = YES;
				GCC_C_LANGUAGE_STANDARD = gnu17;
				GCC_NO_COMMON_BLOCKS = YES;
				GCC_WARN_64_TO_32_BIT_CONVERSION = YES;
				GCC_WARN_ABOUT_RETURN_TYPE = YES_ERROR;
				GCC_WARN_UNDECLARED_SELECTOR = YES;
				GCC_WARN_UNINITIALIZED_AUTOS = YES_AGGRESSIVE;
				GCC_WARN_UNUSED_FUNCTION = YES;
				GCC_WARN_UNUSED_VARIABLE = YES;
				IPHONEOS_DEPLOYMENT_TARGET = 17.0;
				LOCALIZATION_PREFERS_STRING_CATALOGS = YES;
				MTL_ENABLE_DEBUG_INFO = NO;
				MTL_FAST_MATH = YES;
				SDKROOT = iphoneos;
				STRING_CATALOG_GENERATE_SYMBOLS = YES;
				SWIFT_COMPILATION_MODE = wholemodule;
				VALIDATE_PRODUCT = YES;
			};
			name = Release;
		};
		B1000001230019 /* Debug */ = {
			isa = XCBuildConfiguration;
			buildSettings = {
				ASSETCATALOG_COMPILER_APPICON_NAME = AppIcon;
				ASSETCATALOG_COMPILER_GLOBAL_ACCENT_COLOR_NAME = AccentColor;
				CODE_SIGN_STYLE = Automatic;
				CURRENT_PROJECT_VERSION = 1;
				DEVELOPMENT_ASSET_PATHS = "";
				DEVELOPMENT_TEAM = 9QPGH34SC8;
				ENABLE_PREVIEWS = YES;
				GENERATE_INFOPLIST_FILE = YES;
				INFOPLIST_KEY_CFBundleDisplayName = "Clash Mini";
				INFOPLIST_KEY_LSApplicationCategoryType = "public.app-category.games";
				INFOPLIST_KEY_UIApplicationSceneManifest_Generation = YES;
				INFOPLIST_KEY_UIApplicationSupportsIndirectInputEvents = YES;
				INFOPLIST_KEY_UILaunchScreen_Generation = YES;
				INFOPLIST_KEY_UIRequiresFullScreen = YES;
				INFOPLIST_KEY_UIStatusBarHidden = YES;
				INFOPLIST_KEY_UISupportedInterfaceOrientations = UIInterfaceOrientationPortrait;
				LD_RUNPATH_SEARCH_PATHS = (
					"$(inherited)",
					"@executable_path/Frameworks",
				);
				MARKETING_VERSION = 1.0;
				PRODUCT_BUNDLE_IDENTIFIER = com.game.clashmini;
				PRODUCT_NAME = "$(TARGET_NAME)";
				SUPPORTED_PLATFORMS = "iphoneos iphonesimulator";
				SUPPORTS_MACCATALYST = NO;
				SWIFT_EMIT_LOC_STRINGS = YES;
				SWIFT_VERSION = 5.0;
				TARGETED_DEVICE_FAMILY = "1,2";
			};
			name = Debug;
		};
		B100000123001A /* Release */ = {
			isa = XCBuildConfiguration;
			buildSettings = {
				ASSETCATALOG_COMPILER_APPICON_NAME = AppIcon;
				ASSETCATALOG_COMPILER_GLOBAL_ACCENT_COLOR_NAME = AccentColor;
				CODE_SIGN_STYLE = Automatic;
				CURRENT_PROJECT_VERSION = 1;
				DEVELOPMENT_ASSET_PATHS = "";
				DEVELOPMENT_TEAM = 9QPGH34SC8;
				ENABLE_PREVIEWS = YES;
				GENERATE_INFOPLIST_FILE = YES;
				INFOPLIST_KEY_CFBundleDisplayName = "Clash Mini";
				INFOPLIST_KEY_LSApplicationCategoryType = "public.app-category.games";
				INFOPLIST_KEY_UIApplicationSceneManifest_Generation = YES;
				INFOPLIST_KEY_UIApplicationSupportsIndirectInputEvents = YES;
				INFOPLIST_KEY_UILaunchScreen_Generation = YES;
				INFOPLIST_KEY_UIRequiresFullScreen = YES;
				INFOPLIST_KEY_UIStatusBarHidden = YES;
				INFOPLIST_KEY_UISupportedInterfaceOrientations = UIInterfaceOrientationPortrait;
				LD_RUNPATH_SEARCH_PATHS = (
					"$(inherited)",
					"@executable_path/Frameworks",
				);
				MARKETING_VERSION = 1.0;
				PRODUCT_BUNDLE_IDENTIFIER = com.game.clashmini;
				PRODUCT_NAME = "$(TARGET_NAME)";
				SUPPORTED_PLATFORMS = "iphoneos iphonesimulator";
				SUPPORTS_MACCATALYST = NO;
				SWIFT_EMIT_LOC_STRINGS = YES;
				SWIFT_VERSION = 5.0;
				TARGETED_DEVICE_FAMILY = "1,2";
			};
			name = Release;
		};
/* End XCBuildConfiguration section */

/* Begin XCConfigurationList section */
		B1000001229985 /* Build configuration list for PBXProject "ClashMini" */ = {
			isa = XCConfigurationList;
			buildConfigurations = (
				B1000001230016 /* Debug */,
				B1000001230017 /* Release */,
			);
			defaultConfigurationIsVisible = 0;
			defaultConfigurationName = Release;
		};
		B1000001230018 /* Build configuration list for PBXNativeTarget "ClashMini" */ = {
			isa = XCConfigurationList;
			buildConfigurations = (
				B1000001230019 /* Debug */,
				B100000123001A /* Release */,
			);
			defaultConfigurationIsVisible = 0;
			defaultConfigurationName = Release;
		};
/* End XCConfigurationList section */
	};
	rootObject = B1000001229982 /* Project object */;
}
